
Microsoft Visual Studio Solution File, Format Version 12.00
# Visual Studio Version 17
VisualStudioVersion = 17.8.34525.116
MinimumVisualStudioVersion = 10.0.40219.1
Project("{FAE04EC0-301F-11D3-BF4B-00C04F79EFBC}") = "mvc", "mvc.csproj", "{03F4D064-11DA-489B-B496-9165108A93FA}"
EndProject
Project("{9A19103F-16F7-4668-BE54-9A1E7A4F7556}") = "DataAccess", "..\DataAccess\DataAccess.csproj", "{E1A97136-0C0D-477E-BD94-E48CD9E95F62}"
EndProject
Project("{9A19103F-16F7-4668-BE54-9A1E7A4F7556}") = "Models", "..\Models\Models.csproj", "{773776F7-741A-484B-8C9A-DE6A9D7E69A0}"
EndProject
Global
	GlobalSection(SolutionConfigurationPlatforms) = preSolution
		Debug|Any CPU = Debug|Any CPU
		Release|Any CPU = Release|Any CPU
	EndGlobalSection
	GlobalSection(ProjectConfigurationPlatforms) = postSolution
		{03F4D064-11DA-489B-B496-9165108A93FA}.Debug|Any CPU.ActiveCfg = Debug|Any CPU
		{03F4D064-11DA-489B-B496-9165108A93FA}.Debug|Any CPU.Build.0 = Debug|Any CPU
		{03F4D064-11DA-489B-B496-9165108A93FA}.Release|Any CPU.ActiveCfg = Release|Any CPU
		{03F4D064-11DA-489B-B496-9165108A93FA}.Release|Any CPU.Build.0 = Release|Any CPU
		{E1A97136-0C0D-477E-BD94-E48CD9E95F62}.Debug|Any CPU.ActiveCfg = Debug|Any CPU
		{E1A97136-0C0D-477E-BD94-E48CD9E95F62}.Debug|Any CPU.Build.0 = Debug|Any CPU
		{E1A97136-0C0D-477E-BD94-E48CD9E95F62}.Release|Any CPU.ActiveCfg = Release|Any CPU
		{E1A97136-0C0D-477E-BD94-E48CD9E95F62}.Release|Any CPU.Build.0 = Release|Any CPU
		{773776F7-741A-484B-8C9A-DE6A9D7E69A0}.Debug|Any CPU.ActiveCfg = Debug|Any CPU
		{773776F7-741A-484B-8C9A-DE6A9D7E69A0}.Debug|Any CPU.Build.0 = Debug|Any CPU
		{773776F7-741A-484B-8C9A-DE6A9D7E69A0}.Release|Any CPU.ActiveCfg = Release|Any CPU
		{773776F7-741A-484B-8C9A-DE6A9D7E69A0}.Release|Any CPU.Build.0 = Release|Any CPU
	EndGlobalSection
	GlobalSection(SolutionProperties) = preSolution
		HideSolutionNode = FALSE
	EndGlobalSection
	GlobalSection(ExtensibilityGlobals) = postSolution
		SolutionGuid = {805E4461-F703-47C5-84EB-D3C784A475F4}
	EndGlobalSection
EndGlobal
